
Microsoft Visual Studio Solution File, Format Version 12.00
# Visual Studio Version 17
VisualStudioVersion = 17.0.31423.177
MinimumVisualStudioVersion = 10.0.40219.1
Project("{2150E333-8FDC-42A3-9474-1A3956D46DE8}") = "ThreadDemo", "ThreadDemo", "{7385F771-9FC7-4A4D-A3F7-3E85657B6AF1}"
EndProject
Project("{FAE04EC0-301F-11D3-BF4B-00C04F79EFBC}") = "AsinchronusDelegate", "AsinchronusDelegate\AsinchronusDelegate.csproj", "{6112C149-01A2-49FA-A5F7-47949652B363}"
EndProject
Project("{2150E333-8FDC-42A3-9474-1A3956D46DE8}") = "TaskDemo", "TaskDemo", "{70381486-97C2-4131-BF46-AE7F74553590}"
EndProject
Project("{2150E333-8FDC-42A3-9474-1A3956D46DE8}") = "Sinchronization", "Sinchronization", "{14746430-9EBE-47DD-9199-DCC4A888A257}"
EndProject
Project("{2150E333-8FDC-42A3-9474-1A3956D46DE8}") = "DLLDemo", "DLLDemo", "{4F1E91E2-BD5B-41D8-BD3E-6F26C0A8B7B3}"
EndProject
Project("{2150E333-8FDC-42A3-9474-1A3956D46DE8}") = "SystemProgramming", "SystemProgramming", "{5743AAAD-4D31-4837-A89A-F0A302466D3A}"
EndProject
Project("{2150E333-8FDC-42A3-9474-1A3956D46DE8}") = "ADONET", "ADONET", "{8A25655D-9898-4FCD-BFB2-A8540D47449D}"
EndProject
Project("{FAE04EC0-301F-11D3-BF4B-00C04F79EFBC}") = "ADONETDataSet", "ADONETDataSet\ADONETDataSet.csproj", "{3E6F4462-22B7-4E11-960D-B3146AFB92DA}"
EndProject
Project("{9A19103F-16F7-4668-BE54-9A1E7A4F7556}") = "ADONETDemoConnection", "ADONETDemoConnection\ADONETDemoConnection.csproj", "{82A7E567-19CB-4DCD-8CE2-EF8D5C6C76BB}"
EndProject
Project("{9A19103F-16F7-4668-BE54-9A1E7A4F7556}") = "WpfADONETDemo", "WpfADONETDemo\WpfADONETDemo.csproj", "{93FDA558-3EB0-4D7C-B089-A4D598C4BBC3}"
EndProject
Project("{9A19103F-16F7-4668-BE54-9A1E7A4F7556}") = "Cafe", "Cafe\Cafe.csproj", "{A869D365-6BD3-4CA4-81F7-F0C684F4AB31}"
EndProject
Project("{9A19103F-16F7-4668-BE54-9A1E7A4F7556}") = "Cafe.Models", "Cafe.Models\Cafe.Models.csproj", "{84A6EFEB-79EB-45B3-93C7-7BA3F9478F0D}"
EndProject
Project("{2150E333-8FDC-42A3-9474-1A3956D46DE8}") = "EFCore", "EFCore", "{F526A887-8338-4A2F-A67E-17182C4124F7}"
EndProject
Project("{9A19103F-16F7-4668-BE54-9A1E7A4F7556}") = "CafeAdmin", "CafeAdmin\CafeAdmin.csproj", "{64BED444-1F23-453B-9EE3-32CDF5BFE76C}"
EndProject
Project("{9A19103F-16F7-4668-BE54-9A1E7A4F7556}") = "Cafe.Data", "Cafe.Data\Cafe.Data.csproj", "{CC1B166A-CA8A-4501-9B5A-895955634DFB}"
EndProject
Project("{FAE04EC0-301F-11D3-BF4B-00C04F79EFBC}") = "Cafe.WPF.UserControls", "Cafe.WPF.UserControls\Cafe.WPF.UserControls.csproj", "{BA94DE76-D466-4D30-85F9-690C21E22181}"
EndProject
Global
	GlobalSection(SolutionConfigurationPlatforms) = preSolution
		Debug|Any CPU = Debug|Any CPU
		Release|Any CPU = Release|Any CPU
	EndGlobalSection
	GlobalSection(ProjectConfigurationPlatforms) = postSolution
		{6112C149-01A2-49FA-A5F7-47949652B363}.Debug|Any CPU.ActiveCfg = Debug|Any CPU
		{6112C149-01A2-49FA-A5F7-47949652B363}.Debug|Any CPU.Build.0 = Debug|Any CPU
		{6112C149-01A2-49FA-A5F7-47949652B363}.Release|Any CPU.ActiveCfg = Release|Any CPU
		{6112C149-01A2-49FA-A5F7-47949652B363}.Release|Any CPU.Build.0 = Release|Any CPU
		{3E6F4462-22B7-4E11-960D-B3146AFB92DA}.Debug|Any CPU.ActiveCfg = Debug|Any CPU
		{3E6F4462-22B7-4E11-960D-B3146AFB92DA}.Debug|Any CPU.Build.0 = Debug|Any CPU
		{3E6F4462-22B7-4E11-960D-B3146AFB92DA}.Release|Any CPU.ActiveCfg = Release|Any CPU
		{3E6F4462-22B7-4E11-960D-B3146AFB92DA}.Release|Any CPU.Build.0 = Release|Any CPU
		{82A7E567-19CB-4DCD-8CE2-EF8D5C6C76BB}.Debug|Any CPU.ActiveCfg = Debug|Any CPU
		{82A7E567-19CB-4DCD-8CE2-EF8D5C6C76BB}.Debug|Any CPU.Build.0 = Debug|Any CPU
		{82A7E567-19CB-4DCD-8CE2-EF8D5C6C76BB}.Release|Any CPU.ActiveCfg = Release|Any CPU
		{82A7E567-19CB-4DCD-8CE2-EF8D5C6C76BB}.Release|Any CPU.Build.0 = Release|Any CPU
		{93FDA558-3EB0-4D7C-B089-A4D598C4BBC3}.Debug|Any CPU.ActiveCfg = Debug|Any CPU
		{93FDA558-3EB0-4D7C-B089-A4D598C4BBC3}.Debug|Any CPU.Build.0 = Debug|Any CPU
		{93FDA558-3EB0-4D7C-B089-A4D598C4BBC3}.Release|Any CPU.ActiveCfg = Release|Any CPU
		{93FDA558-3EB0-4D7C-B089-A4D598C4BBC3}.Release|Any CPU.Build.0 = Release|Any CPU
		{A869D365-6BD3-4CA4-81F7-F0C684F4AB31}.Debug|Any CPU.ActiveCfg = Debug|Any CPU
		{A869D365-6BD3-4CA4-81F7-F0C684F4AB31}.Debug|Any CPU.Build.0 = Debug|Any CPU
		{A869D365-6BD3-4CA4-81F7-F0C684F4AB31}.Release|Any CPU.ActiveCfg = Release|Any CPU
		{A869D365-6BD3-4CA4-81F7-F0C684F4AB31}.Release|Any CPU.Build.0 = Release|Any CPU
		{84A6EFEB-79EB-45B3-93C7-7BA3F9478F0D}.Debug|Any CPU.ActiveCfg = Debug|Any CPU
		{84A6EFEB-79EB-45B3-93C7-7BA3F9478F0D}.Debug|Any CPU.Build.0 = Debug|Any CPU
		{84A6EFEB-79EB-45B3-93C7-7BA3F9478F0D}.Release|Any CPU.ActiveCfg = Release|Any CPU
		{84A6EFEB-79EB-45B3-93C7-7BA3F9478F0D}.Release|Any CPU.Build.0 = Release|Any CPU
		{64BED444-1F23-453B-9EE3-32CDF5BFE76C}.Debug|Any CPU.ActiveCfg = Debug|Any CPU
		{64BED444-1F23-453B-9EE3-32CDF5BFE76C}.Debug|Any CPU.Build.0 = Debug|Any CPU
		{64BED444-1F23-453B-9EE3-32CDF5BFE76C}.Release|Any CPU.ActiveCfg = Release|Any CPU
		{64BED444-1F23-453B-9EE3-32CDF5BFE76C}.Release|Any CPU.Build.0 = Release|Any CPU
		{CC1B166A-CA8A-4501-9B5A-895955634DFB}.Debug|Any CPU.ActiveCfg = Debug|Any CPU
		{CC1B166A-CA8A-4501-9B5A-895955634DFB}.Debug|Any CPU.Build.0 = Debug|Any CPU
		{CC1B166A-CA8A-4501-9B5A-895955634DFB}.Release|Any CPU.ActiveCfg = Release|Any CPU
		{CC1B166A-CA8A-4501-9B5A-895955634DFB}.Release|Any CPU.Build.0 = Release|Any CPU
		{BA94DE76-D466-4D30-85F9-690C21E22181}.Debug|Any CPU.ActiveCfg = Debug|Any CPU
		{BA94DE76-D466-4D30-85F9-690C21E22181}.Debug|Any CPU.Build.0 = Debug|Any CPU
		{BA94DE76-D466-4D30-85F9-690C21E22181}.Release|Any CPU.ActiveCfg = Release|Any CPU
		{BA94DE76-D466-4D30-85F9-690C21E22181}.Release|Any CPU.Build.0 = Release|Any CPU
	EndGlobalSection
	GlobalSection(SolutionProperties) = preSolution
		HideSolutionNode = FALSE
	EndGlobalSection
	GlobalSection(NestedProjects) = preSolution
		{7385F771-9FC7-4A4D-A3F7-3E85657B6AF1} = {5743AAAD-4D31-4837-A89A-F0A302466D3A}
		{6112C149-01A2-49FA-A5F7-47949652B363} = {7385F771-9FC7-4A4D-A3F7-3E85657B6AF1}
		{70381486-97C2-4131-BF46-AE7F74553590} = {5743AAAD-4D31-4837-A89A-F0A302466D3A}
		{14746430-9EBE-47DD-9199-DCC4A888A257} = {5743AAAD-4D31-4837-A89A-F0A302466D3A}
		{4F1E91E2-BD5B-41D8-BD3E-6F26C0A8B7B3} = {5743AAAD-4D31-4837-A89A-F0A302466D3A}
		{3E6F4462-22B7-4E11-960D-B3146AFB92DA} = {8A25655D-9898-4FCD-BFB2-A8540D47449D}
		{82A7E567-19CB-4DCD-8CE2-EF8D5C6C76BB} = {8A25655D-9898-4FCD-BFB2-A8540D47449D}
		{93FDA558-3EB0-4D7C-B089-A4D598C4BBC3} = {8A25655D-9898-4FCD-BFB2-A8540D47449D}
		{A869D365-6BD3-4CA4-81F7-F0C684F4AB31} = {F526A887-8338-4A2F-A67E-17182C4124F7}
		{84A6EFEB-79EB-45B3-93C7-7BA3F9478F0D} = {F526A887-8338-4A2F-A67E-17182C4124F7}
		{F526A887-8338-4A2F-A67E-17182C4124F7} = {8A25655D-9898-4FCD-BFB2-A8540D47449D}
		{64BED444-1F23-453B-9EE3-32CDF5BFE76C} = {F526A887-8338-4A2F-A67E-17182C4124F7}
		{CC1B166A-CA8A-4501-9B5A-895955634DFB} = {F526A887-8338-4A2F-A67E-17182C4124F7}
		{BA94DE76-D466-4D30-85F9-690C21E22181} = {F526A887-8338-4A2F-A67E-17182C4124F7}
	EndGlobalSection
	GlobalSection(ExtensibilityGlobals) = postSolution
		SolutionGuid = {C286B7E9-C1BE-47D2-BED6-BCFB5BF05F2B}
	EndGlobalSection
EndGlobal
