
Microsoft Visual Studio Solution File, Format Version 12.00
# Visual Studio Version 16
VisualStudioVersion = 16.0.31402.337
MinimumVisualStudioVersion = 10.0.40219.1
Project("{9A19103F-16F7-4668-BE54-9A1E7A4F7556}") = "PE911SystemProg", "PE911SystemProg\PE911SystemProg.csproj", "{3F5467C5-AC54-4FDB-A646-63B96D69474E}"
EndProject
Project("{9A19103F-16F7-4668-BE54-9A1E7A4F7556}") = "DLLImportDemo", "DLLImportDemo\DLLImportDemo.csproj", "{910D3039-63EB-42A8-82A4-6EDF636BE67A}"
EndProject
Project("{2150E333-8FDC-42A3-9474-1A3956D46DE8}") = "ThreadDemo", "ThreadDemo", "{7385F771-9FC7-4A4D-A3F7-3E85657B6AF1}"
EndProject
Project("{9A19103F-16F7-4668-BE54-9A1E7A4F7556}") = "ThreadDemo", "ThreadDemo\ThreadDemo.csproj", "{84EF01C9-4232-4886-9005-5F1EA2041CC1}"
EndProject
Project("{FAE04EC0-301F-11D3-BF4B-00C04F79EFBC}") = "AsinchronusDelegate", "AsinchronusDelegate\AsinchronusDelegate.csproj", "{6112C149-01A2-49FA-A5F7-47949652B363}"
EndProject
Project("{2150E333-8FDC-42A3-9474-1A3956D46DE8}") = "TaskDemo", "TaskDemo", "{70381486-97C2-4131-BF46-AE7F74553590}"
EndProject
Project("{9A19103F-16F7-4668-BE54-9A1E7A4F7556}") = "TaskDemo", "TaskDemo\TaskDemo.csproj", "{5460F7F3-4630-4FDF-BBDA-8E998B477F1F}"
EndProject
Project("{9A19103F-16F7-4668-BE54-9A1E7A4F7556}") = "TLinqDemo", "TLinqDemo\TLinqDemo.csproj", "{3FE78E9C-5396-46C0-BA3E-2A72726721B9}"
EndProject
Project("{2150E333-8FDC-42A3-9474-1A3956D46DE8}") = "Sinchronization", "Sinchronization", "{14746430-9EBE-47DD-9199-DCC4A888A257}"
EndProject
Project("{FAE04EC0-301F-11D3-BF4B-00C04F79EFBC}") = "SinchronizationProblemDemo", "SinchronizationProblemDemo\SinchronizationProblemDemo.csproj", "{4C8D4A55-8CD8-4E34-A8B3-21E7B72A4C58}"
EndProject
Project("{FAE04EC0-301F-11D3-BF4B-00C04F79EFBC}") = "MutexDemo", "MutexDemo\MutexDemo.csproj", "{E2971B9B-267B-4149-AC73-6199A6AD501B}"
EndProject
Project("{FAE04EC0-301F-11D3-BF4B-00C04F79EFBC}") = "SemaforeDemo", "SemaforeDemo\SemaforeDemo.csproj", "{1D0A0CE5-6334-47B6-96B7-C2F68585236A}"
EndProject
Project("{FAE04EC0-301F-11D3-BF4B-00C04F79EFBC}") = "ManualResetEventDemo", "ManualResetEventDemo\ManualResetEventDemo.csproj", "{D2D4738A-DC26-4E09-8ADF-D37545CEC967}"
EndProject
Project("{FAE04EC0-301F-11D3-BF4B-00C04F79EFBC}") = "LockDemo", "LockDemo\LockDemo.csproj", "{57960C5B-B98D-467F-8D32-EE77D9CDD42B}"
EndProject
Project("{FAE04EC0-301F-11D3-BF4B-00C04F79EFBC}") = "MonitorDemo", "MonitorDemo\MonitorDemo.csproj", "{8253296C-C640-47E5-8234-0546B7DC9467}"
EndProject
Project("{FAE04EC0-301F-11D3-BF4B-00C04F79EFBC}") = "DeadLockDemo", "DeadLockDemo\DeadLockDemo.csproj", "{B83B1D53-E910-43C6-9ED1-76F833AF088C}"
EndProject
Global
	GlobalSection(SolutionConfigurationPlatforms) = preSolution
		Debug|Any CPU = Debug|Any CPU
		Release|Any CPU = Release|Any CPU
	EndGlobalSection
	GlobalSection(ProjectConfigurationPlatforms) = postSolution
		{3F5467C5-AC54-4FDB-A646-63B96D69474E}.Debug|Any CPU.ActiveCfg = Debug|Any CPU
		{3F5467C5-AC54-4FDB-A646-63B96D69474E}.Debug|Any CPU.Build.0 = Debug|Any CPU
		{3F5467C5-AC54-4FDB-A646-63B96D69474E}.Release|Any CPU.ActiveCfg = Release|Any CPU
		{3F5467C5-AC54-4FDB-A646-63B96D69474E}.Release|Any CPU.Build.0 = Release|Any CPU
		{910D3039-63EB-42A8-82A4-6EDF636BE67A}.Debug|Any CPU.ActiveCfg = Debug|Any CPU
		{910D3039-63EB-42A8-82A4-6EDF636BE67A}.Debug|Any CPU.Build.0 = Debug|Any CPU
		{910D3039-63EB-42A8-82A4-6EDF636BE67A}.Release|Any CPU.ActiveCfg = Release|Any CPU
		{910D3039-63EB-42A8-82A4-6EDF636BE67A}.Release|Any CPU.Build.0 = Release|Any CPU
		{84EF01C9-4232-4886-9005-5F1EA2041CC1}.Debug|Any CPU.ActiveCfg = Debug|Any CPU
		{84EF01C9-4232-4886-9005-5F1EA2041CC1}.Debug|Any CPU.Build.0 = Debug|Any CPU
		{84EF01C9-4232-4886-9005-5F1EA2041CC1}.Release|Any CPU.ActiveCfg = Release|Any CPU
		{84EF01C9-4232-4886-9005-5F1EA2041CC1}.Release|Any CPU.Build.0 = Release|Any CPU
		{6112C149-01A2-49FA-A5F7-47949652B363}.Debug|Any CPU.ActiveCfg = Debug|Any CPU
		{6112C149-01A2-49FA-A5F7-47949652B363}.Debug|Any CPU.Build.0 = Debug|Any CPU
		{6112C149-01A2-49FA-A5F7-47949652B363}.Release|Any CPU.ActiveCfg = Release|Any CPU
		{6112C149-01A2-49FA-A5F7-47949652B363}.Release|Any CPU.Build.0 = Release|Any CPU
		{5460F7F3-4630-4FDF-BBDA-8E998B477F1F}.Debug|Any CPU.ActiveCfg = Debug|Any CPU
		{5460F7F3-4630-4FDF-BBDA-8E998B477F1F}.Debug|Any CPU.Build.0 = Debug|Any CPU
		{5460F7F3-4630-4FDF-BBDA-8E998B477F1F}.Release|Any CPU.ActiveCfg = Release|Any CPU
		{5460F7F3-4630-4FDF-BBDA-8E998B477F1F}.Release|Any CPU.Build.0 = Release|Any CPU
		{3FE78E9C-5396-46C0-BA3E-2A72726721B9}.Debug|Any CPU.ActiveCfg = Debug|Any CPU
		{3FE78E9C-5396-46C0-BA3E-2A72726721B9}.Debug|Any CPU.Build.0 = Debug|Any CPU
		{3FE78E9C-5396-46C0-BA3E-2A72726721B9}.Release|Any CPU.ActiveCfg = Release|Any CPU
		{3FE78E9C-5396-46C0-BA3E-2A72726721B9}.Release|Any CPU.Build.0 = Release|Any CPU
		{4C8D4A55-8CD8-4E34-A8B3-21E7B72A4C58}.Debug|Any CPU.ActiveCfg = Debug|Any CPU
		{4C8D4A55-8CD8-4E34-A8B3-21E7B72A4C58}.Debug|Any CPU.Build.0 = Debug|Any CPU
		{4C8D4A55-8CD8-4E34-A8B3-21E7B72A4C58}.Release|Any CPU.ActiveCfg = Release|Any CPU
		{4C8D4A55-8CD8-4E34-A8B3-21E7B72A4C58}.Release|Any CPU.Build.0 = Release|Any CPU
		{E2971B9B-267B-4149-AC73-6199A6AD501B}.Debug|Any CPU.ActiveCfg = Debug|Any CPU
		{E2971B9B-267B-4149-AC73-6199A6AD501B}.Debug|Any CPU.Build.0 = Debug|Any CPU
		{E2971B9B-267B-4149-AC73-6199A6AD501B}.Release|Any CPU.ActiveCfg = Release|Any CPU
		{E2971B9B-267B-4149-AC73-6199A6AD501B}.Release|Any CPU.Build.0 = Release|Any CPU
		{1D0A0CE5-6334-47B6-96B7-C2F68585236A}.Debug|Any CPU.ActiveCfg = Debug|Any CPU
		{1D0A0CE5-6334-47B6-96B7-C2F68585236A}.Debug|Any CPU.Build.0 = Debug|Any CPU
		{1D0A0CE5-6334-47B6-96B7-C2F68585236A}.Release|Any CPU.ActiveCfg = Release|Any CPU
		{1D0A0CE5-6334-47B6-96B7-C2F68585236A}.Release|Any CPU.Build.0 = Release|Any CPU
		{D2D4738A-DC26-4E09-8ADF-D37545CEC967}.Debug|Any CPU.ActiveCfg = Debug|Any CPU
		{D2D4738A-DC26-4E09-8ADF-D37545CEC967}.Debug|Any CPU.Build.0 = Debug|Any CPU
		{D2D4738A-DC26-4E09-8ADF-D37545CEC967}.Release|Any CPU.ActiveCfg = Release|Any CPU
		{D2D4738A-DC26-4E09-8ADF-D37545CEC967}.Release|Any CPU.Build.0 = Release|Any CPU
		{57960C5B-B98D-467F-8D32-EE77D9CDD42B}.Debug|Any CPU.ActiveCfg = Debug|Any CPU
		{57960C5B-B98D-467F-8D32-EE77D9CDD42B}.Debug|Any CPU.Build.0 = Debug|Any CPU
		{57960C5B-B98D-467F-8D32-EE77D9CDD42B}.Release|Any CPU.ActiveCfg = Release|Any CPU
		{57960C5B-B98D-467F-8D32-EE77D9CDD42B}.Release|Any CPU.Build.0 = Release|Any CPU
		{8253296C-C640-47E5-8234-0546B7DC9467}.Debug|Any CPU.ActiveCfg = Debug|Any CPU
		{8253296C-C640-47E5-8234-0546B7DC9467}.Debug|Any CPU.Build.0 = Debug|Any CPU
		{8253296C-C640-47E5-8234-0546B7DC9467}.Release|Any CPU.ActiveCfg = Release|Any CPU
		{8253296C-C640-47E5-8234-0546B7DC9467}.Release|Any CPU.Build.0 = Release|Any CPU
		{B83B1D53-E910-43C6-9ED1-76F833AF088C}.Debug|Any CPU.ActiveCfg = Debug|Any CPU
		{B83B1D53-E910-43C6-9ED1-76F833AF088C}.Debug|Any CPU.Build.0 = Debug|Any CPU
		{B83B1D53-E910-43C6-9ED1-76F833AF088C}.Release|Any CPU.ActiveCfg = Release|Any CPU
		{B83B1D53-E910-43C6-9ED1-76F833AF088C}.Release|Any CPU.Build.0 = Release|Any CPU
	EndGlobalSection
	GlobalSection(SolutionProperties) = preSolution
		HideSolutionNode = FALSE
	EndGlobalSection
	GlobalSection(NestedProjects) = preSolution
		{84EF01C9-4232-4886-9005-5F1EA2041CC1} = {7385F771-9FC7-4A4D-A3F7-3E85657B6AF1}
		{6112C149-01A2-49FA-A5F7-47949652B363} = {7385F771-9FC7-4A4D-A3F7-3E85657B6AF1}
		{5460F7F3-4630-4FDF-BBDA-8E998B477F1F} = {70381486-97C2-4131-BF46-AE7F74553590}
		{3FE78E9C-5396-46C0-BA3E-2A72726721B9} = {7385F771-9FC7-4A4D-A3F7-3E85657B6AF1}
		{4C8D4A55-8CD8-4E34-A8B3-21E7B72A4C58} = {14746430-9EBE-47DD-9199-DCC4A888A257}
		{E2971B9B-267B-4149-AC73-6199A6AD501B} = {14746430-9EBE-47DD-9199-DCC4A888A257}
		{1D0A0CE5-6334-47B6-96B7-C2F68585236A} = {14746430-9EBE-47DD-9199-DCC4A888A257}
		{D2D4738A-DC26-4E09-8ADF-D37545CEC967} = {14746430-9EBE-47DD-9199-DCC4A888A257}
		{57960C5B-B98D-467F-8D32-EE77D9CDD42B} = {14746430-9EBE-47DD-9199-DCC4A888A257}
		{8253296C-C640-47E5-8234-0546B7DC9467} = {14746430-9EBE-47DD-9199-DCC4A888A257}
		{B83B1D53-E910-43C6-9ED1-76F833AF088C} = {14746430-9EBE-47DD-9199-DCC4A888A257}
	EndGlobalSection
	GlobalSection(ExtensibilityGlobals) = postSolution
		SolutionGuid = {C286B7E9-C1BE-47D2-BED6-BCFB5BF05F2B}
	EndGlobalSection
EndGlobal
